
Microsoft Visual Studio Solution File, Format Version 12.00
# Visual Studio Version 17
VisualStudioVersion = 17.5.33424.131
MinimumVisualStudioVersion = 10.0.40219.1
Project("{9A19103F-16F7-4668-BE54-9A1E7A4F7556}") = "TrackerLibrary", "TrackerLibrary\TrackerLibrary.csproj", "{48A42A0A-417B-4E41-AF44-B39DC1B1BA6D}"
EndProject
Project("{9A19103F-16F7-4668-BE54-9A1E7A4F7556}") = "TrackerUI", "TrackerUI\TrackerUI.csproj", "{9BFC731D-82EA-4AB4-8A64-611AE7EBFE5A}"
EndProject
Global
	GlobalSection(SolutionConfigurationPlatforms) = preSolution
		Debug|Any CPU = Debug|Any CPU
		Release|Any CPU = Release|Any CPU
	EndGlobalSection
	GlobalSection(ProjectConfigurationPlatforms) = postSolution
		{48A42A0A-417B-4E41-AF44-B39DC1B1BA6D}.Debug|Any CPU.ActiveCfg = Debug|Any CPU
		{48A42A0A-417B-4E41-AF44-B39DC1B1BA6D}.Debug|Any CPU.Build.0 = Debug|Any CPU
		{48A42A0A-417B-4E41-AF44-B39DC1B1BA6D}.Release|Any CPU.ActiveCfg = Release|Any CPU
		{48A42A0A-417B-4E41-AF44-B39DC1B1BA6D}.Release|Any CPU.Build.0 = Release|Any CPU
		{9BFC731D-82EA-4AB4-8A64-611AE7EBFE5A}.Debug|Any CPU.ActiveCfg = Debug|Any CPU
		{9BFC731D-82EA-4AB4-8A64-611AE7EBFE5A}.Debug|Any CPU.Build.0 = Debug|Any CPU
		{9BFC731D-82EA-4AB4-8A64-611AE7EBFE5A}.Release|Any CPU.ActiveCfg = Release|Any CPU
		{9BFC731D-82EA-4AB4-8A64-611AE7EBFE5A}.Release|Any CPU.Build.0 = Release|Any CPU
	EndGlobalSection
	GlobalSection(SolutionProperties) = preSolution
		HideSolutionNode = FALSE
	EndGlobalSection
	GlobalSection(ExtensibilityGlobals) = postSolution
		SolutionGuid = {496F8B47-153C-431B-B215-F6425CEC28EF}
	EndGlobalSection
EndGlobal
